<?xml version="1.0" encoding="utf-8"?>
<Project ToolsVersion="4.0" xmlns="http://schemas.microsoft.com/developer/msbuild/2003">
  <ItemGroup>
    <Filter Include="Source Files">
      <UniqueIdentifier>{4FC737F1-C7A5-4376-A066-2A32D752A2FF}</UniqueIdentifier>
      <Extensions>cpp;c;cc;cxx;c++;cppm;ixx;def;odl;idl;hpj;bat;asm;asmx</Extensions>
    </Filter>
    <Filter Include="Header Files">
      <UniqueIdentifier>{93995380-89BD-4b04-88EB-625FBE52EBFB}</UniqueIdentifier>
      <Extensions>h;hh;hpp;hxx;h++;hm;inl;inc;ipp;xsd</Extensions>
    </Filter>
    <Filter Include="Resource Files">
      <UniqueIdentifier>{67DA6AB6-F800-4c08-8B7A-83BB121AAD01}</UniqueIdentifier>
      <Extensions>rc;ico;cur;bmp;dlg;rc2;rct;bin;rgs;gif;jpg;jpeg;jpe;resx;tiff;tif;png;wav;mfcribbon-ms</Extensions>
    </Filter>
  </ItemGroup>
  <ItemGroup>
    <ClInclude Include="framework.h">
      <Filter>Header Files</Filter>
    </ClInclude>
    <ClInclude Include="pe\pe.h">
      <Filter>Header Files</Filter>
    </ClInclude>
    <ClInclude Include="pe\util\util.h">
      <Filter>Header Files</Filter>
    </ClInclude>
    <ClInclude Include="logger\logger.h">
      <Filter>Header Files</Filter>
    </ClInclude>
    <ClInclude Include="errors\errors.h">
      <Filter>Header Files</Filter>
    </ClInclude>
    <ClInclude Include="game\memory\memory.h">
      <Filter>Header Files</Filter>
    </ClInclude>
    <ClInclude Include="game\hooking\hooking.h">
      <Filter>Header Files</Filter>
    </ClInclude>
    <ClInclude Include="game\hooking\prototypes.h">
      <Filter>Header Files</Filter>
    </ClInclude>
    <ClInclude Include="util\util.h">
      <Filter>Header Files</Filter>
    </ClInclude>
    <ClInclude Include="math\position\position.h">
      <Filter>Header Files</Filter>
    </ClInclude>
    <ClInclude Include="math\math.h">
      <Filter>Header Files</Filter>
    </ClInclude>
    <ClInclude Include="cstrike\cstrike.h">
      <Filter>Header Files</Filter>
    </ClInclude>
    <ClInclude Include="cstrike\cdll_int.h">
      <Filter>Header Files</Filter>
    </ClInclude>
    <ClInclude Include="cstrike\defines.h">
      <Filter>Header Files</Filter>
    </ClInclude>
    <ClInclude Include="cstrike\clientclass.h">
      <Filter>Header Files</Filter>
    </ClInclude>
    <ClInclude Include="cstrike\enums.h">
      <Filter>Header Files</Filter>
    </ClInclude>
    <ClInclude Include="cstrike\sdk_hud_chat.h">
      <Filter>Header Files</Filter>
    </ClInclude>
    <ClInclude Include="game\props\props.h">
      <Filter>Header Files</Filter>
    </ClInclude>
    <ClInclude Include="cstrike\globalvars_base.h">
      <Filter>Header Files</Filter>
    </ClInclude>
    <ClInclude Include="cstrike\cusercmd.h">
      <Filter>Header Files</Filter>
    </ClInclude>
    <ClInclude Include="cstrike\ienginetrace.h">
      <Filter>Header Files</Filter>
    </ClInclude>
    <ClInclude Include="game\game.h">
      <Filter>Header Files</Filter>
    </ClInclude>
    <ClInclude Include="cstrike\convar.h">
      <Filter>Header Files</Filter>
    </ClInclude>
    <ClInclude Include="cstrike\utl_vector.h">
      <Filter>Header Files</Filter>
    </ClInclude>
    <ClInclude Include="cstrike\cdll_client_int.h">
      <Filter>Header Files</Filter>
    </ClInclude>
    <ClInclude Include="cstrike\modelinfo.h">
      <Filter>Header Files</Filter>
    </ClInclude>
    <ClInclude Include="math\matrix\matrix.h">
      <Filter>Header Files</Filter>
    </ClInclude>
    <ClInclude Include="game\entities\player.h">
      <Filter>Header Files</Filter>
    </ClInclude>
    <ClInclude Include="game\entities\entities.h">
      <Filter>Header Files</Filter>
    </ClInclude>
    <ClInclude Include="cstrike\weapons.h">
      <Filter>Header Files</Filter>
    </ClInclude>
    <ClInclude Include="cstrike\cdll_engine_int.h">
      <Filter>Header Files</Filter>
    </ClInclude>
    <ClInclude Include="cstrike\inetmessage.h">
      <Filter>Header Files</Filter>
    </ClInclude>
    <ClInclude Include="cstrike\vgui\surface.h">
      <Filter>Header Files</Filter>
    </ClInclude>
    <ClInclude Include="extern\custom_winapi\custom_winapi.h">
      <Filter>Header Files</Filter>
    </ClInclude>
    <ClInclude Include="extern\hasher\hasher.h">
      <Filter>Header Files</Filter>
    </ClInclude>
    <ClInclude Include="extern\extern.h">
      <Filter>Header Files</Filter>
    </ClInclude>
  </ItemGroup>
  <ItemGroup>
    <ClCompile Include="dllmain.cpp">
      <Filter>Source Files</Filter>
    </ClCompile>
    <ClCompile Include="pe\pe.cpp">
      <Filter>Source Files</Filter>
    </ClCompile>
    <ClCompile Include="pe\util\util.cpp">
      <Filter>Source Files</Filter>
    </ClCompile>
    <ClCompile Include="logger\logger.cpp">
      <Filter>Source Files</Filter>
    </ClCompile>
    <ClCompile Include="game\memory\memory.cpp">
      <Filter>Source Files</Filter>
    </ClCompile>
    <ClCompile Include="game\hooking\hooking.cpp">
      <Filter>Source Files</Filter>
    </ClCompile>
    <ClCompile Include="game\hooking\functions\frame_stage_notify.cpp">
      <Filter>Source Files</Filter>
    </ClCompile>
    <ClCompile Include="game\hooking\functions\get_current_game_type.cpp">
      <Filter>Source Files</Filter>
    </ClCompile>
    <ClCompile Include="game\hooking\functions\get_color_modulation.cpp">
      <Filter>Source Files</Filter>
    </ClCompile>
    <ClCompile Include="game\props\props.cpp">
      <Filter>Source Files</Filter>
    </ClCompile>
    <ClCompile Include="game\hooking\functions\create_move.cpp">
      <Filter>Source Files</Filter>
    </ClCompile>
    <ClCompile Include="game\game.cpp">
      <Filter>Source Files</Filter>
    </ClCompile>
    <ClCompile Include="game\hooking\functions\push_notice.cpp">
      <Filter>Source Files</Filter>
    </ClCompile>
    <ClCompile Include="math\math.cpp">
      <Filter>Source Files</Filter>
    </ClCompile>
    <ClCompile Include="game\hooking\functions\is_using_static_prop_debug_modes.cpp">
      <Filter>Source Files</Filter>
    </ClCompile>
    <ClCompile Include="game\entities\player.cpp">
      <Filter>Source Files</Filter>
    </ClCompile>
    <ClCompile Include="game\hooking\functions\get_cs_wpn_data.cpp">
      <Filter>Source Files</Filter>
    </ClCompile>
    <ClCompile Include="game\hooking\functions\draw_crosshair.cpp">
      <Filter>Source Files</Filter>
    </ClCompile>
    <ClCompile Include="game\entities\entities.cpp">
      <Filter>Source Files</Filter>
    </ClCompile>
    <ClCompile Include="game\hooking\functions\send_net_msg.cpp">
      <Filter>Source Files</Filter>
    </ClCompile>
    <ClCompile Include="game\hooking\functions\vsnprintf.cpp">
      <Filter>Source Files</Filter>
    </ClCompile>
    <ClCompile Include="game\hooking\functions\paint.cpp">
      <Filter>Source Files</Filter>
    </ClCompile>
    <ClCompile Include="extern\custom_winapi\custom_winapi.cpp">
      <Filter>Source Files</Filter>
    </ClCompile>
  </ItemGroup>
</Project>